
Microsoft Visual Studio Solution File, Format Version 12.00
# Visual Studio Version 17
VisualStudioVersion = 17.13.35913.81 d17.13
MinimumVisualStudioVersion = 10.0.40219.1
Project("{FAE04EC0-301F-11D3-BF4B-00C04F79EFBC}") = "CyberChatBot", "CyberChatBot.csproj", "{C011C96E-6D78-4BEF-9ACE-FAF71F2EB656}"
EndProject
Global
	GlobalSection(SolutionConfigurationPlatforms) = preSolution
		Debug|Any CPU = Debug|Any CPU
		Release|Any CPU = Release|Any CPU
	EndGlobalSection
	GlobalSection(ProjectConfigurationPlatforms) = postSolution
		{C011C96E-6D78-4BEF-9ACE-FAF71F2EB656}.Debug|Any CPU.ActiveCfg = Debug|Any CPU
		{C011C96E-6D78-4BEF-9ACE-FAF71F2EB656}.Debug|Any CPU.Build.0 = Debug|Any CPU
		{C011C96E-6D78-4BEF-9ACE-FAF71F2EB656}.Release|Any CPU.ActiveCfg = Release|Any CPU
		{C011C96E-6D78-4BEF-9ACE-FAF71F2EB656}.Release|Any CPU.Build.0 = Release|Any CPU
	EndGlobalSection
	GlobalSection(SolutionProperties) = preSolution
		HideSolutionNode = FALSE
	EndGlobalSection
	GlobalSection(ExtensibilityGlobals) = postSolution
		SolutionGuid = {6EA71442-86F8-48D0-BA0A-EBD1F1E09A7B}
	EndGlobalSection
EndGlobal
